
Microsoft Visual Studio Solution File, Format Version 12.00
# Visual Studio Version 17
VisualStudioVersion = 17.5.33516.290
MinimumVisualStudioVersion = 10.0.40219.1
Project("{FAE04EC0-301F-11D3-BF4B-00C04F79EFBC}") = "CreditCarbonAPI", "CreditCarbonAPI\CreditCarbonAPI.csproj", "{30C6AA6F-3DF8-4C25-9123-F4223BA6B1CF}"
EndProject
Global
	GlobalSection(SolutionConfigurationPlatforms) = preSolution
		Debug|Any CPU = Debug|Any CPU
		Release|Any CPU = Release|Any CPU
	EndGlobalSection
	GlobalSection(ProjectConfigurationPlatforms) = postSolution
		{30C6AA6F-3DF8-4C25-9123-F4223BA6B1CF}.Debug|Any CPU.ActiveCfg = Debug|Any CPU
		{30C6AA6F-3DF8-4C25-9123-F4223BA6B1CF}.Debug|Any CPU.Build.0 = Debug|Any CPU
		{30C6AA6F-3DF8-4C25-9123-F4223BA6B1CF}.Release|Any CPU.ActiveCfg = Release|Any CPU
		{30C6AA6F-3DF8-4C25-9123-F4223BA6B1CF}.Release|Any CPU.Build.0 = Release|Any CPU
	EndGlobalSection
	GlobalSection(SolutionProperties) = preSolution
		HideSolutionNode = FALSE
	EndGlobalSection
	GlobalSection(ExtensibilityGlobals) = postSolution
		SolutionGuid = {739D2BCA-3806-4DF0-A8A0-C94FFEB41636}
	EndGlobalSection
EndGlobal
